
Microsoft Visual Studio Solution File, Format Version 12.00
# Visual Studio 2013
VisualStudioVersion = 12.0.40629.0
MinimumVisualStudioVersion = 10.0.40219.1
Project("{FAE04EC0-301F-11D3-BF4B-00C04F79EFBC}") = "Kaedei.AliyunDDNSClient", "Kaedei.AliyunDDNSClient\Kaedei.AliyunDDNSClient.csproj", "{7EE06B38-29B4-4883-882B-FE1CA0D59002}"
EndProject
Project("{FAE04EC0-301F-11D3-BF4B-00C04F79EFBC}") = "Kaedei.AliyunDDNSClient.NET35", "Kaedei.AliyunDDNSClient.NET35\Kaedei.AliyunDDNSClient.NET35.csproj", "{D522B06D-59AB-44B1-8137-CD88F1C7E37A}"
EndProject
Global
	GlobalSection(SolutionConfigurationPlatforms) = preSolution
		Debug|Any CPU = Debug|Any CPU
		Release|Any CPU = Release|Any CPU
	EndGlobalSection
	GlobalSection(ProjectConfigurationPlatforms) = postSolution
		{7EE06B38-29B4-4883-882B-FE1CA0D59002}.Debug|Any CPU.ActiveCfg = Debug|Any CPU
		{7EE06B38-29B4-4883-882B-FE1CA0D59002}.Debug|Any CPU.Build.0 = Debug|Any CPU
		{7EE06B38-29B4-4883-882B-FE1CA0D59002}.Release|Any CPU.ActiveCfg = Release|Any CPU
		{7EE06B38-29B4-4883-882B-FE1CA0D59002}.Release|Any CPU.Build.0 = Release|Any CPU
		{D522B06D-59AB-44B1-8137-CD88F1C7E37A}.Debug|Any CPU.ActiveCfg = Debug|Any CPU
		{D522B06D-59AB-44B1-8137-CD88F1C7E37A}.Debug|Any CPU.Build.0 = Debug|Any CPU
		{D522B06D-59AB-44B1-8137-CD88F1C7E37A}.Release|Any CPU.ActiveCfg = Release|Any CPU
		{D522B06D-59AB-44B1-8137-CD88F1C7E37A}.Release|Any CPU.Build.0 = Release|Any CPU
	EndGlobalSection
	GlobalSection(SolutionProperties) = preSolution
		HideSolutionNode = FALSE
	EndGlobalSection
EndGlobal
